{
  "name": "starter-project",
  "version": "1.0.0",
  "lockfileVersion": 2,
  "requires": true,
  "packages": {
    "": {
      "version": "1.0.0",
      "license": "ISC",
      "dependencies": {
        "dogs": "^0.2.0"
      }
    },
    "node_modules/dogs": {
      "version": "0.2.0",
      "resolved": "https://registry.npmjs.org/dogs/-/dogs-0.2.0.tgz",
      "integrity": "sha1-JYv04ZnXy9YcizTvj3MNY81eGFk="
    }
  },
  "dependencies": {
    "dogs": {
      "version": "0.2.0",
      "resolved": "https://registry.npmjs.org/dogs/-/dogs-0.2.0.tgz",
      "integrity": "sha1-JYv04ZnXy9YcizTvj3MNY81eGFk="
    }
  }
}
